
Microsoft Visual Studio Solution File, Format Version 12.00
# Visual Studio Version 16
VisualStudioVersion = 16.0.28922.388
MinimumVisualStudioVersion = 10.0.40219.1
Project("{FAE04EC0-301F-11D3-BF4B-00C04F79EFBC}") = "FizzBuzz", "FizzBuzz\FizzBuzz.csproj", "{35E463E8-8C7D-43DE-B1C1-6E4C749240DE}"
EndProject
Project("{FAE04EC0-301F-11D3-BF4B-00C04F79EFBC}") = "FizzBuzzTest", "FizzBuzzTest\FizzBuzzTest.csproj", "{AECE20B6-3EB7-4CDE-9B4E-F8176A62ADB7}"
EndProject
Global
	GlobalSection(SolutionConfigurationPlatforms) = preSolution
		Debug|Any CPU = Debug|Any CPU
		Release|Any CPU = Release|Any CPU
	EndGlobalSection
	GlobalSection(ProjectConfigurationPlatforms) = postSolution
		{35E463E8-8C7D-43DE-B1C1-6E4C749240DE}.Debug|Any CPU.ActiveCfg = Debug|Any CPU
		{35E463E8-8C7D-43DE-B1C1-6E4C749240DE}.Debug|Any CPU.Build.0 = Debug|Any CPU
		{35E463E8-8C7D-43DE-B1C1-6E4C749240DE}.Release|Any CPU.ActiveCfg = Release|Any CPU
		{35E463E8-8C7D-43DE-B1C1-6E4C749240DE}.Release|Any CPU.Build.0 = Release|Any CPU
		{AECE20B6-3EB7-4CDE-9B4E-F8176A62ADB7}.Debug|Any CPU.ActiveCfg = Debug|Any CPU
		{AECE20B6-3EB7-4CDE-9B4E-F8176A62ADB7}.Debug|Any CPU.Build.0 = Debug|Any CPU
		{AECE20B6-3EB7-4CDE-9B4E-F8176A62ADB7}.Release|Any CPU.ActiveCfg = Release|Any CPU
		{AECE20B6-3EB7-4CDE-9B4E-F8176A62ADB7}.Release|Any CPU.Build.0 = Release|Any CPU
	EndGlobalSection
	GlobalSection(SolutionProperties) = preSolution
		HideSolutionNode = FALSE
	EndGlobalSection
	GlobalSection(ExtensibilityGlobals) = postSolution
		SolutionGuid = {B6208786-353D-46B8-8B5F-381C9900B4E1}
	EndGlobalSection
EndGlobal
